<?xml version="1.0" encoding="utf-8"?>
<Project ToolsVersion="4.0" xmlns="http://schemas.microsoft.com/developer/msbuild/2003">
  <ItemGroup>
    <Filter Include="Quelldateien">
      <UniqueIdentifier>{4FC737F1-C7A5-4376-A066-2A32D752A2FF}</UniqueIdentifier>
      <Extensions>cpp;c;cc;cxx;c++;cppm;ixx;def;odl;idl;hpj;bat;asm;asmx</Extensions>
    </Filter>
    <Filter Include="Headerdateien">
      <UniqueIdentifier>{93995380-89BD-4b04-88EB-625FBE52EBFB}</UniqueIdentifier>
      <Extensions>h;hh;hpp;hxx;h++;hm;inl;inc;ipp;xsd</Extensions>
    </Filter>
    <Filter Include="Ressourcendateien">
      <UniqueIdentifier>{67DA6AB6-F800-4c08-8B7A-83BB121AAD01}</UniqueIdentifier>
      <Extensions>rc;ico;cur;bmp;dlg;rc2;rct;bin;rgs;gif;jpg;jpeg;jpe;resx;tiff;tif;png;wav;mfcribbon-ms</Extensions>
    </Filter>
  </ItemGroup>
  <ItemGroup>
    <ClCompile Include="Engine\Animator.cpp">
      <Filter>Quelldateien</Filter>
    </ClCompile>
    <ClCompile Include="Engine\Core\GameClock.cpp">
      <Filter>Quelldateien</Filter>
    </ClCompile>
    <ClCompile Include="Engine\Core\Helper.cpp">
      <Filter>Quelldateien</Filter>
    </ClCompile>
    <ClCompile Include="Engine\Core\Object.cpp">
      <Filter>Quelldateien</Filter>
    </ClCompile>
    <ClCompile Include="Engine\Core\Renderer.cpp">
      <Filter>Quelldateien</Filter>
    </ClCompile>
    <ClCompile Include="Engine\Core\Texture.cpp">
      <Filter>Quelldateien</Filter>
    </ClCompile>
    <ClCompile Include="Engine\Core\Vector.cpp">
      <Filter>Quelldateien</Filter>
    </ClCompile>
    <ClCompile Include="Engine\main.cpp">
      <Filter>Quelldateien</Filter>
    </ClCompile>
    <ClCompile Include="Game\Player\AnimationStateMachine\PlayerAnimationStates.cpp">
      <Filter>Quelldateien</Filter>
    </ClCompile>
    <ClCompile Include="Game\Player\AnimationStateMachine\PlayerASM.cpp">
      <Filter>Quelldateien</Filter>
    </ClCompile>
    <ClCompile Include="Game\Player\InputManager.cpp">
      <Filter>Quelldateien</Filter>
    </ClCompile>
    <ClCompile Include="Game\Player\PlayerCharacter.cpp">
      <Filter>Quelldateien</Filter>
    </ClCompile>
    <ClCompile Include="Game\WorldaManager.cpp">
      <Filter>Quelldateien</Filter>
    </ClCompile>
    <ClCompile Include="Engine\AnimationStateMachine.cpp">
      <Filter>Quelldateien</Filter>
    </ClCompile>
    <ClCompile Include="Engine\Core\CollisionObject.cpp">
      <Filter>Quelldateien</Filter>
    </ClCompile>
    <ClCompile Include="Engine\Core\Raycast.cpp">
      <Filter>Quelldateien</Filter>
    </ClCompile>
    <ClCompile Include="Engine\Core\MeasurePerformance.cpp">
      <Filter>Quelldateien</Filter>
    </ClCompile>
    <ClCompile Include="Engine\Debuging\DebugGrid.cpp">
      <Filter>Quelldateien</Filter>
    </ClCompile>
    <ClCompile Include="Engine\Debuging\DebugLine.cpp">
      <Filter>Quelldateien</Filter>
    </ClCompile>
    <ClCompile Include="Engine\Debuging\DebugPoint.cpp">
      <Filter>Quelldateien</Filter>
    </ClCompile>
    <ClCompile Include="Engine\Debuging\DebugRectangle.cpp">
      <Filter>Quelldateien</Filter>
    </ClCompile>
    <ClCompile Include="Engine\Debuging\DebugShape.cpp">
      <Filter>Quelldateien</Filter>
    </ClCompile>
    <ClCompile Include="Game\BaseCharacter.cpp">
      <Filter>Quelldateien</Filter>
    </ClCompile>
    <ClCompile Include="Game\BaseEnemy.cpp">
      <Filter>Quelldateien</Filter>
    </ClCompile>
    <ClCompile Include="Game\Projectile.cpp">
      <Filter>Quelldateien</Filter>
    </ClCompile>
    <ClCompile Include="Game\ProjectileSpawner.cpp">
      <Filter>Quelldateien</Filter>
    </ClCompile>
    <ClCompile Include="Game\Skeleton\SkeletonCharacter.cpp">
      <Filter>Quelldateien</Filter>
    </ClCompile>
    <ClCompile Include="Engine\Debuging\Log.cpp">
      <Filter>Quelldateien</Filter>
    </ClCompile>
    <ClCompile Include="Engine\UI\TextBox.cpp">
      <Filter>Quelldateien</Filter>
    </ClCompile>
    <ClCompile Include="Game\Pathfinding.cpp">
      <Filter>Quelldateien</Filter>
    </ClCompile>
  </ItemGroup>
  <ItemGroup>
    <ClInclude Include="Engine\Animator.h">
      <Filter>Headerdateien</Filter>
    </ClInclude>
    <ClInclude Include="Engine\Core\GameClock.h">
      <Filter>Headerdateien</Filter>
    </ClInclude>
    <ClInclude Include="Engine\Core\Helper.h">
      <Filter>Headerdateien</Filter>
    </ClInclude>
    <ClInclude Include="Engine\Core\Object.h">
      <Filter>Headerdateien</Filter>
    </ClInclude>
    <ClInclude Include="Engine\Core\Patterns\Command.h">
      <Filter>Headerdateien</Filter>
    </ClInclude>
    <ClInclude Include="Engine\Core\Patterns\Observer.h">
      <Filter>Headerdateien</Filter>
    </ClInclude>
    <ClInclude Include="Engine\Core\Patterns\Subject.h">
      <Filter>Headerdateien</Filter>
    </ClInclude>
    <ClInclude Include="Engine\Core\Renderer.h">
      <Filter>Headerdateien</Filter>
    </ClInclude>
    <ClInclude Include="Engine\Core\Texture.h">
      <Filter>Headerdateien</Filter>
    </ClInclude>
    <ClInclude Include="Engine\Core\Vector.h">
      <Filter>Headerdateien</Filter>
    </ClInclude>
    <ClInclude Include="Engine\Enums.h">
      <Filter>Headerdateien</Filter>
    </ClInclude>
    <ClInclude Include="Game\GameCommands.h">
      <Filter>Headerdateien</Filter>
    </ClInclude>
    <ClInclude Include="Game\Player\AnimationStateMachine\PlayerAnimationStates.h">
      <Filter>Headerdateien</Filter>
    </ClInclude>
    <ClInclude Include="Game\Player\AnimationStateMachine\PlayerASM.h">
      <Filter>Headerdateien</Filter>
    </ClInclude>
    <ClInclude Include="Game\Player\InputManager.h">
      <Filter>Headerdateien</Filter>
    </ClInclude>
    <ClInclude Include="Game\Player\PlayerCharacter.h">
      <Filter>Headerdateien</Filter>
    </ClInclude>
    <ClInclude Include="Game\Player\PlayerCommands.h">
      <Filter>Headerdateien</Filter>
    </ClInclude>
    <ClInclude Include="Game\WorldManager.h">
      <Filter>Headerdateien</Filter>
    </ClInclude>
    <ClInclude Include="Engine\AnimationStateMachine.h">
      <Filter>Headerdateien</Filter>
    </ClInclude>
    <ClInclude Include="Engine\BaseState.h">
      <Filter>Headerdateien</Filter>
    </ClInclude>
    <ClInclude Include="Engine\Core\CollisionObject.h">
      <Filter>Headerdateien</Filter>
    </ClInclude>
    <ClInclude Include="Engine\Core\Raycast.h">
      <Filter>Headerdateien</Filter>
    </ClInclude>
    <ClInclude Include="Engine\Core\MeasurePerformance.h">
      <Filter>Headerdateien</Filter>
    </ClInclude>
    <ClInclude Include="Engine\Debuging\DebugGrid.h">
      <Filter>Headerdateien</Filter>
    </ClInclude>
    <ClInclude Include="Engine\Debuging\DebugLine.h">
      <Filter>Headerdateien</Filter>
    </ClInclude>
    <ClInclude Include="Engine\Debuging\DebugPoint.h">
      <Filter>Headerdateien</Filter>
    </ClInclude>
    <ClInclude Include="Engine\Debuging\DebugRectangle.h">
      <Filter>Headerdateien</Filter>
    </ClInclude>
    <ClInclude Include="Engine\Debuging\DebugShape.h">
      <Filter>Headerdateien</Filter>
    </ClInclude>
    <ClInclude Include="Game\BaseCharacter.h">
      <Filter>Headerdateien</Filter>
    </ClInclude>
    <ClInclude Include="Game\BaseEnemy.h">
      <Filter>Headerdateien</Filter>
    </ClInclude>
    <ClInclude Include="Game\EnemySpawner.h">
      <Filter>Headerdateien</Filter>
    </ClInclude>
    <ClInclude Include="Game\Projectile.h">
      <Filter>Headerdateien</Filter>
    </ClInclude>
    <ClInclude Include="Game\ProjectileSpawner.h">
      <Filter>Headerdateien</Filter>
    </ClInclude>
    <ClInclude Include="Game\Skeleton\SkeletonCharacter.h">
      <Filter>Headerdateien</Filter>
    </ClInclude>
    <ClInclude Include="Engine\Debuging\Log.h">
      <Filter>Headerdateien</Filter>
    </ClInclude>
    <ClInclude Include="Engine\EngineSingelton.h">
      <Filter>Headerdateien</Filter>
    </ClInclude>
    <ClInclude Include="Engine\UI\TextBox.h">
      <Filter>Headerdateien</Filter>
    </ClInclude>
    <ClInclude Include="Game\Pathfinding.h">
      <Filter>Headerdateien</Filter>
    </ClInclude>
    <ClInclude Include="Game\GameSingleton.h">
      <Filter>Headerdateien</Filter>
    </ClInclude>
  </ItemGroup>
</Project>